
Microsoft Visual Studio Solution File, Format Version 12.00
# Visual Studio Version 16
VisualStudioVersion = 16.0.29806.167
MinimumVisualStudioVersion = 10.0.40219.1
Project("{FAE04EC0-301F-11D3-BF4B-00C04F79EFBC}") = "BankAppUpc", "BankAppUpc.csproj", "{8DCE7507-E507-495B-8071-5092C5200D85}"
EndProject
Global
	GlobalSection(SolutionConfigurationPlatforms) = preSolution
		Debug|Any CPU = Debug|Any CPU
		Release|Any CPU = Release|Any CPU
	EndGlobalSection
	GlobalSection(ProjectConfigurationPlatforms) = postSolution
		{8DCE7507-E507-495B-8071-5092C5200D85}.Debug|Any CPU.ActiveCfg = Debug|Any CPU
		{8DCE7507-E507-495B-8071-5092C5200D85}.Debug|Any CPU.Build.0 = Debug|Any CPU
		{8DCE7507-E507-495B-8071-5092C5200D85}.Release|Any CPU.ActiveCfg = Release|Any CPU
		{8DCE7507-E507-495B-8071-5092C5200D85}.Release|Any CPU.Build.0 = Release|Any CPU
	EndGlobalSection
	GlobalSection(SolutionProperties) = preSolution
		HideSolutionNode = FALSE
	EndGlobalSection
	GlobalSection(ExtensibilityGlobals) = postSolution
		SolutionGuid = {27F6F11F-C765-4355-B885-2747344718B2}
	EndGlobalSection
EndGlobal
